
Microsoft Visual Studio Solution File, Format Version 12.00
# Visual Studio Version 17
VisualStudioVersion = 17.1.31911.260
MinimumVisualStudioVersion = 10.0.40219.1
Project("{9A19103F-16F7-4668-BE54-9A1E7A4F7556}") = "StaffManagement", "StaffManagement.csproj", "{39CF7B02-32A5-46C5-B949-CF8C99D1C287}"
EndProject
Project("{FAE04EC0-301F-11D3-BF4B-00C04F79EFBC}") = "StaffManagement.DataAccess", "..\StaffManagement.DataAccess\StaffManagement.DataAccess.csproj", "{C5C3672A-E777-4FCD-A5F3-D7AFC8F1741B}"
EndProject
Global
	GlobalSection(SolutionConfigurationPlatforms) = preSolution
		Debug|Any CPU = Debug|Any CPU
		Release|Any CPU = Release|Any CPU
	EndGlobalSection
	GlobalSection(ProjectConfigurationPlatforms) = postSolution
		{39CF7B02-32A5-46C5-B949-CF8C99D1C287}.Debug|Any CPU.ActiveCfg = Debug|Any CPU
		{39CF7B02-32A5-46C5-B949-CF8C99D1C287}.Debug|Any CPU.Build.0 = Debug|Any CPU
		{39CF7B02-32A5-46C5-B949-CF8C99D1C287}.Release|Any CPU.ActiveCfg = Release|Any CPU
		{39CF7B02-32A5-46C5-B949-CF8C99D1C287}.Release|Any CPU.Build.0 = Release|Any CPU
		{C5C3672A-E777-4FCD-A5F3-D7AFC8F1741B}.Debug|Any CPU.ActiveCfg = Debug|Any CPU
		{C5C3672A-E777-4FCD-A5F3-D7AFC8F1741B}.Debug|Any CPU.Build.0 = Debug|Any CPU
		{C5C3672A-E777-4FCD-A5F3-D7AFC8F1741B}.Release|Any CPU.ActiveCfg = Release|Any CPU
		{C5C3672A-E777-4FCD-A5F3-D7AFC8F1741B}.Release|Any CPU.Build.0 = Release|Any CPU
	EndGlobalSection
	GlobalSection(SolutionProperties) = preSolution
		HideSolutionNode = FALSE
	EndGlobalSection
	GlobalSection(ExtensibilityGlobals) = postSolution
		SolutionGuid = {6CB875B4-6B19-495A-AC2B-7FF5540EE99D}
	EndGlobalSection
EndGlobal
